
Microsoft Visual Studio Solution File, Format Version 12.00
# Visual Studio Version 16
VisualStudioVersion = 16.0.35425.106
MinimumVisualStudioVersion = 10.0.40219.1
Project("{FAE04EC0-301F-11D3-BF4B-00C04F79EFBC}") = "mvcproject", "mvcproject\mvcproject.csproj", "{65879FF9-30D3-4C41-91A4-E5E4E87ABC28}"
EndProject
Global
	GlobalSection(SolutionConfigurationPlatforms) = preSolution
		Debug|Any CPU = Debug|Any CPU
		Release|Any CPU = Release|Any CPU
	EndGlobalSection
	GlobalSection(ProjectConfigurationPlatforms) = postSolution
		{65879FF9-30D3-4C41-91A4-E5E4E87ABC28}.Debug|Any CPU.ActiveCfg = Debug|Any CPU
		{65879FF9-30D3-4C41-91A4-E5E4E87ABC28}.Debug|Any CPU.Build.0 = Debug|Any CPU
		{65879FF9-30D3-4C41-91A4-E5E4E87ABC28}.Release|Any CPU.ActiveCfg = Release|Any CPU
		{65879FF9-30D3-4C41-91A4-E5E4E87ABC28}.Release|Any CPU.Build.0 = Release|Any CPU
	EndGlobalSection
	GlobalSection(SolutionProperties) = preSolution
		HideSolutionNode = FALSE
	EndGlobalSection
	GlobalSection(ExtensibilityGlobals) = postSolution
		SolutionGuid = {863103DE-5EF8-4248-905A-BC42CDFDA9A6}
	EndGlobalSection
EndGlobal
